
Microsoft Visual Studio Solution File, Format Version 11.00
# Visual Studio 2010
Project("{FAE04EC0-301F-11D3-BF4B-00C04F79EFBC}") = "Protector", "Assembly-CSharp.csproj", "{338650AD-9983-06C2-CBB4-1122E1BB12CF}"
EndProject
Project("{FAE04EC0-301F-11D3-BF4B-00C04F79EFBC}") = "Protector", "Assembly-CSharp-Editor.csproj", "{65511891-9135-2549-579F-2BF4A0CFBE2D}"
EndProject
Global
	GlobalSection(SolutionConfigurationPlatforms) = preSolution
		Debug|Any CPU = Debug|Any CPU
		Release|Any CPU = Release|Any CPU
	EndGlobalSection
	GlobalSection(ProjectConfigurationPlatforms) = postSolution
		{338650AD-9983-06C2-CBB4-1122E1BB12CF}.Debug|Any CPU.ActiveCfg = Debug|Any CPU
		{338650AD-9983-06C2-CBB4-1122E1BB12CF}.Debug|Any CPU.Build.0 = Debug|Any CPU
		{338650AD-9983-06C2-CBB4-1122E1BB12CF}.Release|Any CPU.ActiveCfg = Release|Any CPU
		{338650AD-9983-06C2-CBB4-1122E1BB12CF}.Release|Any CPU.Build.0 = Release|Any CPU
		{65511891-9135-2549-579F-2BF4A0CFBE2D}.Debug|Any CPU.ActiveCfg = Debug|Any CPU
		{65511891-9135-2549-579F-2BF4A0CFBE2D}.Debug|Any CPU.Build.0 = Debug|Any CPU
		{65511891-9135-2549-579F-2BF4A0CFBE2D}.Release|Any CPU.ActiveCfg = Release|Any CPU
		{65511891-9135-2549-579F-2BF4A0CFBE2D}.Release|Any CPU.Build.0 = Release|Any CPU
	EndGlobalSection
	GlobalSection(SolutionProperties) = preSolution
		HideSolutionNode = FALSE
	EndGlobalSection
	GlobalSection(MonoDevelopProperties) = preSolution
		StartupItem = Assembly-CSharp.csproj
	EndGlobalSection
EndGlobal
